
Microsoft Visual Studio Solution File, Format Version 12.00
# Visual Studio Version 17
VisualStudioVersion = 17.10.35027.167
MinimumVisualStudioVersion = 10.0.40219.1
Project("{FAE04EC0-301F-11D3-BF4B-00C04F79EFBC}") = "MauiTempo", "MauiTempo.csproj", "{633F11B4-555F-4DC3-8621-73505439543A}"
EndProject
Global
	GlobalSection(SolutionConfigurationPlatforms) = preSolution
		Debug|Any CPU = Debug|Any CPU
		Release|Any CPU = Release|Any CPU
	EndGlobalSection
	GlobalSection(ProjectConfigurationPlatforms) = postSolution
		{633F11B4-555F-4DC3-8621-73505439543A}.Debug|Any CPU.ActiveCfg = Debug|Any CPU
		{633F11B4-555F-4DC3-8621-73505439543A}.Debug|Any CPU.Build.0 = Debug|Any CPU
		{633F11B4-555F-4DC3-8621-73505439543A}.Debug|Any CPU.Deploy.0 = Debug|Any CPU
		{633F11B4-555F-4DC3-8621-73505439543A}.Release|Any CPU.ActiveCfg = Release|Any CPU
		{633F11B4-555F-4DC3-8621-73505439543A}.Release|Any CPU.Build.0 = Release|Any CPU
		{633F11B4-555F-4DC3-8621-73505439543A}.Release|Any CPU.Deploy.0 = Release|Any CPU
	EndGlobalSection
	GlobalSection(SolutionProperties) = preSolution
		HideSolutionNode = FALSE
	EndGlobalSection
	GlobalSection(ExtensibilityGlobals) = postSolution
		SolutionGuid = {23B6D927-18A4-4E71-82C3-28F1AE5B8D90}
	EndGlobalSection
EndGlobal
